{
  "name": "cc.Two",
  "version": "1.0.0",
  "lockfileVersion": 1,
  "requires": true,
  "dependencies": {
    "bezier-js": {
      "version": "2.4.4",
      "resolved": "https://registry.npmjs.org/bezier-js/-/bezier-js-2.4.4.tgz",
      "integrity": "sha512-qYC9FBubdTK4VZe0m+lS7lEpf87w1fnm6g2m1FKsnlz+wfNnJy3gjQt4Y5nnI1NrjJrnQqnZt3S6Z5qjhloDNA=="
    },
    "two.js": {
      "version": "0.7.0-beta.3",
      "resolved": "https://registry.npmjs.org/two.js/-/two.js-0.7.0-beta.3.tgz",
      "integrity": "sha512-oPEmRGCo5c296Wn40+yTxYydwPTf1iwJY+EPdLoka5TxUkLkAUo10CkQxRZJ7VGmbShBxQRXQxS5i5/otwqGZg=="
    }
  }
}
